
Microsoft Visual Studio Solution File, Format Version 12.00
# Visual Studio Version 17
VisualStudioVersion = 17.2.32505.173
MinimumVisualStudioVersion = 10.0.40219.1
Project("{FAE04EC0-301F-11D3-BF4B-00C04F79EFBC}") = "WebApiCompras", "WebApiCompras.csproj", "{6F068D11-83A8-4DDF-8451-065B20D6C723}"
EndProject
Global
	GlobalSection(SolutionConfigurationPlatforms) = preSolution
		Debug|Any CPU = Debug|Any CPU
		Release|Any CPU = Release|Any CPU
	EndGlobalSection
	GlobalSection(ProjectConfigurationPlatforms) = postSolution
		{6F068D11-83A8-4DDF-8451-065B20D6C723}.Debug|Any CPU.ActiveCfg = Debug|Any CPU
		{6F068D11-83A8-4DDF-8451-065B20D6C723}.Debug|Any CPU.Build.0 = Debug|Any CPU
		{6F068D11-83A8-4DDF-8451-065B20D6C723}.Release|Any CPU.ActiveCfg = Release|Any CPU
		{6F068D11-83A8-4DDF-8451-065B20D6C723}.Release|Any CPU.Build.0 = Release|Any CPU
	EndGlobalSection
	GlobalSection(SolutionProperties) = preSolution
		HideSolutionNode = FALSE
	EndGlobalSection
	GlobalSection(ExtensibilityGlobals) = postSolution
		SolutionGuid = {7E939714-4A55-4464-B57B-EB3DBDAEB2B2}
	EndGlobalSection
EndGlobal
